
Microsoft Visual Studio Solution File, Format Version 12.00
# Visual Studio Version 17
VisualStudioVersion = 17.3.32929.385
MinimumVisualStudioVersion = 10.0.40219.1
Project("{9A19103F-16F7-4668-BE54-9A1E7A4F7556}") = "MVCApp", "MVCApp\MVCApp.csproj", "{469DC631-45FC-482D-ABA7-76DA450F6AB7}"
EndProject
Project("{9A19103F-16F7-4668-BE54-9A1E7A4F7556}") = "BinanceBotNuGetPackage", "BinanceBotNuGetPackage\BinanceBotNuGetPackage.csproj", "{2D6CF72F-AB84-4189-88F1-09B89E2BB308}"
EndProject
Project("{9A19103F-16F7-4668-BE54-9A1E7A4F7556}") = "ConsoleApp1", "ConsoleApp1\ConsoleApp1.csproj", "{98442BD3-4806-4E65-B94A-3A5D19836E26}"
EndProject
Project("{FAE04EC0-301F-11D3-BF4B-00C04F79EFBC}") = "BinanceBotTests", "BinanceBotTests\BinanceBotTests.csproj", "{FDC27528-4627-41D6-9B8D-0D2D91A2F9DC}"
EndProject
Global
	GlobalSection(SolutionConfigurationPlatforms) = preSolution
		Debug|Any CPU = Debug|Any CPU
		Release|Any CPU = Release|Any CPU
	EndGlobalSection
	GlobalSection(ProjectConfigurationPlatforms) = postSolution
		{469DC631-45FC-482D-ABA7-76DA450F6AB7}.Debug|Any CPU.ActiveCfg = Debug|Any CPU
		{469DC631-45FC-482D-ABA7-76DA450F6AB7}.Debug|Any CPU.Build.0 = Debug|Any CPU
		{469DC631-45FC-482D-ABA7-76DA450F6AB7}.Release|Any CPU.ActiveCfg = Release|Any CPU
		{469DC631-45FC-482D-ABA7-76DA450F6AB7}.Release|Any CPU.Build.0 = Release|Any CPU
		{469DC631-45FC-482D-ABA7-76DA450F6AB7}.Release|Any CPU.Deploy.0 = Release|Any CPU
		{2D6CF72F-AB84-4189-88F1-09B89E2BB308}.Debug|Any CPU.ActiveCfg = Release|Any CPU
		{2D6CF72F-AB84-4189-88F1-09B89E2BB308}.Debug|Any CPU.Build.0 = Release|Any CPU
		{2D6CF72F-AB84-4189-88F1-09B89E2BB308}.Release|Any CPU.ActiveCfg = Debug|Any CPU
		{2D6CF72F-AB84-4189-88F1-09B89E2BB308}.Release|Any CPU.Build.0 = Debug|Any CPU
		{98442BD3-4806-4E65-B94A-3A5D19836E26}.Debug|Any CPU.ActiveCfg = Debug|Any CPU
		{98442BD3-4806-4E65-B94A-3A5D19836E26}.Debug|Any CPU.Build.0 = Debug|Any CPU
		{98442BD3-4806-4E65-B94A-3A5D19836E26}.Release|Any CPU.ActiveCfg = Debug|Any CPU
		{98442BD3-4806-4E65-B94A-3A5D19836E26}.Release|Any CPU.Build.0 = Debug|Any CPU
		{FDC27528-4627-41D6-9B8D-0D2D91A2F9DC}.Debug|Any CPU.ActiveCfg = Debug|Any CPU
		{FDC27528-4627-41D6-9B8D-0D2D91A2F9DC}.Debug|Any CPU.Build.0 = Debug|Any CPU
		{FDC27528-4627-41D6-9B8D-0D2D91A2F9DC}.Release|Any CPU.ActiveCfg = Release|Any CPU
		{FDC27528-4627-41D6-9B8D-0D2D91A2F9DC}.Release|Any CPU.Build.0 = Release|Any CPU
	EndGlobalSection
	GlobalSection(SolutionProperties) = preSolution
		HideSolutionNode = FALSE
	EndGlobalSection
	GlobalSection(ExtensibilityGlobals) = postSolution
		SolutionGuid = {D67FA943-C6FA-4B41-A15A-C6F30C253138}
	EndGlobalSection
EndGlobal
